// !$*UTF8*$!
{
	archiveVersion = 1;
	classes = {
	};
	objectVersion = 50;
	objects = {

/* Begin PBXBuildFile section */
		031BD79D23CC9D0B00CB58F2 /* AppDelegate.swift in Sources */ = {isa = PBXBuildFile; fileRef = 031BD79C23CC9D0B00CB58F2 /* AppDelegate.swift */; };
		031BD79F23CC9D0B00CB58F2 /* ViewController.swift in Sources */ = {isa = PBXBuildFile; fileRef = 031BD79E23CC9D0B00CB58F2 /* ViewController.swift */; };
		031BD7A223CC9D0B00CB58F2 /* Main.storyboard in Resources */ = {isa = PBXBuildFile; fileRef = 031BD7A023CC9D0B00CB58F2 /* Main.storyboard */; };
		031BD7A423CC9D0F00CB58F2 /* Assets.xcassets in Resources */ = {isa = PBXBuildFile; fileRef = 031BD7A323CC9D0F00CB58F2 /* Assets.xcassets */; };
		031BD7A723CC9D0F00CB58F2 /* LaunchScreen.storyboard in Resources */ = {isa = PBXBuildFile; fileRef = 031BD7A523CC9D0F00CB58F2 /* LaunchScreen.storyboard */; };
		163C2C7823CDA394007C94D0 /* SWChannelCell.swift in Sources */ = {isa = PBXBuildFile; fileRef = 163C2C7723CDA394007C94D0 /* SWChannelCell.swift */; };
		164D376823CD86080088BDE4 /* SWAVPlayerViewController.swift in Sources */ = {isa = PBXBuildFile; fileRef = 164D376723CD86080088BDE4 /* SWAVPlayerViewController.swift */; };
		1676C30A23CF08630084E1BD /* 虎牙影视轮播.txt in Resources */ = {isa = PBXBuildFile; fileRef = 1676C30623CF08630084E1BD /* 虎牙影视轮播.txt */; };
		1676C30B23CF08630084E1BD /* 卫视高清频道.txt in Resources */ = {isa = PBXBuildFile; fileRef = 1676C30723CF08630084E1BD /* 卫视高清频道.txt */; };
		1676C30C23CF08630084E1BD /* 央视高清频道.txt in Resources */ = {isa = PBXBuildFile; fileRef = 1676C30823CF08630084E1BD /* 央视高清频道.txt */; };
		1676C30D23CF08630084E1BD /* 爱奇艺影视轮播.txt in Resources */ = {isa = PBXBuildFile; fileRef = 1676C30923CF08630084E1BD /* 爱奇艺影视轮播.txt */; };
		1676C32223CF08E80084E1BD /* TaskDelegate.swift in Sources */ = {isa = PBXBuildFile; fileRef = 1676C30F23CF08E70084E1BD /* TaskDelegate.swift */; };
		1676C32323CF08E80084E1BD /* MultipartFormData.swift in Sources */ = {isa = PBXBuildFile; fileRef = 1676C31023CF08E70084E1BD /* MultipartFormData.swift */; };
		1676C32423CF08E80084E1BD /* NetworkReachabilityManager.swift in Sources */ = {isa = PBXBuildFile; fileRef = 1676C31123CF08E70084E1BD /* NetworkReachabilityManager.swift */; };
		1676C32523CF08E80084E1BD /* LICENSE in Resources */ = {isa = PBXBuildFile; fileRef = 1676C31223CF08E80084E1BD /* LICENSE */; };
		1676C32623CF08E80084E1BD /* Timeline.swift in Sources */ = {isa = PBXBuildFile; fileRef = 1676C31323CF08E80084E1BD /* Timeline.swift */; };
		1676C32723CF08E80084E1BD /* DispatchQueue+Alamofire.swift in Sources */ = {isa = PBXBuildFile; fileRef = 1676C31423CF08E80084E1BD /* DispatchQueue+Alamofire.swift */; };
		1676C32823CF08E80084E1BD /* Result.swift in Sources */ = {isa = PBXBuildFile; fileRef = 1676C31523CF08E80084E1BD /* Result.swift */; };
		1676C32923CF08E80084E1BD /* ParameterEncoding.swift in Sources */ = {isa = PBXBuildFile; fileRef = 1676C31623CF08E80084E1BD /* ParameterEncoding.swift */; };
		1676C32A23CF08E80084E1BD /* AFError.swift in Sources */ = {isa = PBXBuildFile; fileRef = 1676C31723CF08E80084E1BD /* AFError.swift */; };
		1676C32B23CF08E80084E1BD /* README.md in Resources */ = {isa = PBXBuildFile; fileRef = 1676C31823CF08E80084E1BD /* README.md */; };
		1676C32C23CF08E80084E1BD /* Validation.swift in Sources */ = {isa = PBXBuildFile; fileRef = 1676C31923CF08E80084E1BD /* Validation.swift */; };
		1676C32D23CF08E80084E1BD /* Notifications.swift in Sources */ = {isa = PBXBuildFile; fileRef = 1676C31A23CF08E80084E1BD /* Notifications.swift */; };
		1676C32E23CF08E80084E1BD /* Response.swift in Sources */ = {isa = PBXBuildFile; fileRef = 1676C31B23CF08E80084E1BD /* Response.swift */; };
		1676C32F23CF08E80084E1BD /* Alamofire.swift in Sources */ = {isa = PBXBuildFile; fileRef = 1676C31C23CF08E80084E1BD /* Alamofire.swift */; };
		1676C33023CF08E80084E1BD /* Request.swift in Sources */ = {isa = PBXBuildFile; fileRef = 1676C31D23CF08E80084E1BD /* Request.swift */; };
		1676C33123CF08E80084E1BD /* SessionManager.swift in Sources */ = {isa = PBXBuildFile; fileRef = 1676C31E23CF08E80084E1BD /* SessionManager.swift */; };
		1676C33223CF08E80084E1BD /* ResponseSerialization.swift in Sources */ = {isa = PBXBuildFile; fileRef = 1676C31F23CF08E80084E1BD /* ResponseSerialization.swift */; };
		1676C33323CF08E80084E1BD /* ServerTrustPolicy.swift in Sources */ = {isa = PBXBuildFile; fileRef = 1676C32023CF08E80084E1BD /* ServerTrustPolicy.swift */; };
		1676C33423CF08E80084E1BD /* SessionDelegate.swift in Sources */ = {isa = PBXBuildFile; fileRef = 1676C32123CF08E80084E1BD /* SessionDelegate.swift */; };
/* End PBXBuildFile section */

/* Begin PBXFileReference section */
		031BD79923CC9D0B00CB58F2 /* 酷TV.app */ = {isa = PBXFileReference; explicitFileType = wrapper.application; includeInIndex = 0; path = "酷TV.app"; sourceTree = BUILT_PRODUCTS_DIR; };
		031BD79C23CC9D0B00CB58F2 /* AppDelegate.swift */ = {isa = PBXFileReference; lastKnownFileType = sourcecode.swift; path = AppDelegate.swift; sourceTree = "<group>"; };
		031BD79E23CC9D0B00CB58F2 /* ViewController.swift */ = {isa = PBXFileReference; lastKnownFileType = sourcecode.swift; path = ViewController.swift; sourceTree = "<group>"; };
		031BD7A123CC9D0B00CB58F2 /* Base */ = {isa = PBXFileReference; lastKnownFileType = file.storyboard; name = Base; path = Base.lproj/Main.storyboard; sourceTree = "<group>"; };
		031BD7A323CC9D0F00CB58F2 /* Assets.xcassets */ = {isa = PBXFileReference; lastKnownFileType = folder.assetcatalog; path = Assets.xcassets; sourceTree = "<group>"; };
		031BD7A623CC9D0F00CB58F2 /* Base */ = {isa = PBXFileReference; lastKnownFileType = file.storyboard; name = Base; path = Base.lproj/LaunchScreen.storyboard; sourceTree = "<group>"; };
		031BD7A823CC9D0F00CB58F2 /* Info.plist */ = {isa = PBXFileReference; lastKnownFileType = text.plist.xml; path = Info.plist; sourceTree = "<group>"; };
		163C2C7723CDA394007C94D0 /* SWChannelCell.swift */ = {isa = PBXFileReference; lastKnownFileType = sourcecode.swift; path = SWChannelCell.swift; sourceTree = "<group>"; };
		164D376723CD86080088BDE4 /* SWAVPlayerViewController.swift */ = {isa = PBXFileReference; lastKnownFileType = sourcecode.swift; path = SWAVPlayerViewController.swift; sourceTree = "<group>"; };
		1676C30623CF08630084E1BD /* 虎牙影视轮播.txt */ = {isa = PBXFileReference; fileEncoding = 4; lastKnownFileType = text; path = "虎牙影视轮播.txt"; sourceTree = "<group>"; };
		1676C30723CF08630084E1BD /* 卫视高清频道.txt */ = {isa = PBXFileReference; fileEncoding = 4; lastKnownFileType = text; path = "卫视高清频道.txt"; sourceTree = "<group>"; };
		1676C30823CF08630084E1BD /* 央视高清频道.txt */ = {isa = PBXFileReference; fileEncoding = 4; lastKnownFileType = text; path = "央视高清频道.txt"; sourceTree = "<group>"; };
		1676C30923CF08630084E1BD /* 爱奇艺影视轮播.txt */ = {isa = PBXFileReference; fileEncoding = 4; lastKnownFileType = text; path = "爱奇艺影视轮播.txt"; sourceTree = "<group>"; };
		1676C30F23CF08E70084E1BD /* TaskDelegate.swift */ = {isa = PBXFileReference; fileEncoding = 4; lastKnownFileType = sourcecode.swift; path = TaskDelegate.swift; sourceTree = "<group>"; };
		1676C31023CF08E70084E1BD /* MultipartFormData.swift */ = {isa = PBXFileReference; fileEncoding = 4; lastKnownFileType = sourcecode.swift; path = MultipartFormData.swift; sourceTree = "<group>"; };
		1676C31123CF08E70084E1BD /* NetworkReachabilityManager.swift */ = {isa = PBXFileReference; fileEncoding = 4; lastKnownFileType = sourcecode.swift; path = NetworkReachabilityManager.swift; sourceTree = "<group>"; };
		1676C31223CF08E80084E1BD /* LICENSE */ = {isa = PBXFileReference; fileEncoding = 4; lastKnownFileType = text; path = LICENSE; sourceTree = "<group>"; };
		1676C31323CF08E80084E1BD /* Timeline.swift */ = {isa = PBXFileReference; fileEncoding = 4; lastKnownFileType = sourcecode.swift; path = Timeline.swift; sourceTree = "<group>"; };
		1676C31423CF08E80084E1BD /* DispatchQueue+Alamofire.swift */ = {isa = PBXFileReference; fileEncoding = 4; lastKnownFileType = sourcecode.swift; path = "DispatchQueue+Alamofire.swift"; sourceTree = "<group>"; };
		1676C31523CF08E80084E1BD /* Result.swift */ = {isa = PBXFileReference; fileEncoding = 4; lastKnownFileType = sourcecode.swift; path = Result.swift; sourceTree = "<group>"; };
		1676C31623CF08E80084E1BD /* ParameterEncoding.swift */ = {isa = PBXFileReference; fileEncoding = 4; lastKnownFileType = sourcecode.swift; path = ParameterEncoding.swift; sourceTree = "<group>"; };
		1676C31723CF08E80084E1BD /* AFError.swift */ = {isa = PBXFileReference; fileEncoding = 4; lastKnownFileType = sourcecode.swift; path = AFError.swift; sourceTree = "<group>"; };
		1676C31823CF08E80084E1BD /* README.md */ = {isa = PBXFileReference; fileEncoding = 4; lastKnownFileType = net.daringfireball.markdown; path = README.md; sourceTree = "<group>"; };
		1676C31923CF08E80084E1BD /* Validation.swift */ = {isa = PBXFileReference; fileEncoding = 4; lastKnownFileType = sourcecode.swift; path = Validation.swift; sourceTree = "<group>"; };
		1676C31A23CF08E80084E1BD /* Notifications.swift */ = {isa = PBXFileReference; fileEncoding = 4; lastKnownFileType = sourcecode.swift; path = Notifications.swift; sourceTree = "<group>"; };
		1676C31B23CF08E80084E1BD /* Response.swift */ = {isa = PBXFileReference; fileEncoding = 4; lastKnownFileType = sourcecode.swift; path = Response.swift; sourceTree = "<group>"; };
		1676C31C23CF08E80084E1BD /* Alamofire.swift */ = {isa = PBXFileReference; fileEncoding = 4; lastKnownFileType = sourcecode.swift; path = Alamofire.swift; sourceTree = "<group>"; };
		1676C31D23CF08E80084E1BD /* Request.swift */ = {isa = PBXFileReference; fileEncoding = 4; lastKnownFileType = sourcecode.swift; path = Request.swift; sourceTree = "<group>"; };
		1676C31E23CF08E80084E1BD /* SessionManager.swift */ = {isa = PBXFileReference; fileEncoding = 4; lastKnownFileType = sourcecode.swift; path = SessionManager.swift; sourceTree = "<group>"; };
		1676C31F23CF08E80084E1BD /* ResponseSerialization.swift */ = {isa = PBXFileReference; fileEncoding = 4; lastKnownFileType = sourcecode.swift; path = ResponseSerialization.swift; sourceTree = "<group>"; };
		1676C32023CF08E80084E1BD /* ServerTrustPolicy.swift */ = {isa = PBXFileReference; fileEncoding = 4; lastKnownFileType = sourcecode.swift; path = ServerTrustPolicy.swift; sourceTree = "<group>"; };
		1676C32123CF08E80084E1BD /* SessionDelegate.swift */ = {isa = PBXFileReference; fileEncoding = 4; lastKnownFileType = sourcecode.swift; path = SessionDelegate.swift; sourceTree = "<group>"; };
/* End PBXFileReference section */

/* Begin PBXFrameworksBuildPhase section */
		031BD79623CC9D0B00CB58F2 /* Frameworks */ = {
			isa = PBXFrameworksBuildPhase;
			buildActionMask = 2147483647;
			files = (
			);
			runOnlyForDeploymentPostprocessing = 0;
		};
/* End PBXFrameworksBuildPhase section */

/* Begin PBXGroup section */
		031BD79023CC9D0B00CB58F2 = {
			isa = PBXGroup;
			children = (
				031BD79B23CC9D0B00CB58F2 /* CoolTV */,
				031BD79A23CC9D0B00CB58F2 /* Products */,
			);
			sourceTree = "<group>";
		};
		031BD79A23CC9D0B00CB58F2 /* Products */ = {
			isa = PBXGroup;
			children = (
				031BD79923CC9D0B00CB58F2 /* 酷TV.app */,
			);
			name = Products;
			sourceTree = "<group>";
		};
		031BD79B23CC9D0B00CB58F2 /* CoolTV */ = {
			isa = PBXGroup;
			children = (
				031BD79C23CC9D0B00CB58F2 /* AppDelegate.swift */,
				031BD79E23CC9D0B00CB58F2 /* ViewController.swift */,
				163C2C7723CDA394007C94D0 /* SWChannelCell.swift */,
				164D376723CD86080088BDE4 /* SWAVPlayerViewController.swift */,
				1676C30E23CF08E70084E1BD /* Alamofire */,
				031BD7A023CC9D0B00CB58F2 /* Main.storyboard */,
				031BD7A323CC9D0F00CB58F2 /* Assets.xcassets */,
				031BD7A523CC9D0F00CB58F2 /* LaunchScreen.storyboard */,
				031BD7A823CC9D0F00CB58F2 /* Info.plist */,
				03C8FAEA23CCB6ED0039A011 /* data */,
			);
			path = CoolTV;
			sourceTree = "<group>";
		};
		03C8FAEA23CCB6ED0039A011 /* data */ = {
			isa = PBXGroup;
			children = (
				1676C30923CF08630084E1BD /* 爱奇艺影视轮播.txt */,
				1676C30623CF08630084E1BD /* 虎牙影视轮播.txt */,
				1676C30723CF08630084E1BD /* 卫视高清频道.txt */,
				1676C30823CF08630084E1BD /* 央视高清频道.txt */,
			);
			path = data;
			sourceTree = "<group>";
		};
		1676C30E23CF08E70084E1BD /* Alamofire */ = {
			isa = PBXGroup;
			children = (
				1676C31723CF08E80084E1BD /* AFError.swift */,
				1676C31C23CF08E80084E1BD /* Alamofire.swift */,
				1676C31423CF08E80084E1BD /* DispatchQueue+Alamofire.swift */,
				1676C31223CF08E80084E1BD /* LICENSE */,
				1676C31023CF08E70084E1BD /* MultipartFormData.swift */,
				1676C31123CF08E70084E1BD /* NetworkReachabilityManager.swift */,
				1676C31A23CF08E80084E1BD /* Notifications.swift */,
				1676C31623CF08E80084E1BD /* ParameterEncoding.swift */,
				1676C31823CF08E80084E1BD /* README.md */,
				1676C31D23CF08E80084E1BD /* Request.swift */,
				1676C31B23CF08E80084E1BD /* Response.swift */,
				1676C31F23CF08E80084E1BD /* ResponseSerialization.swift */,
				1676C31523CF08E80084E1BD /* Result.swift */,
				1676C32023CF08E80084E1BD /* ServerTrustPolicy.swift */,
				1676C32123CF08E80084E1BD /* SessionDelegate.swift */,
				1676C31E23CF08E80084E1BD /* SessionManager.swift */,
				1676C30F23CF08E70084E1BD /* TaskDelegate.swift */,
				1676C31323CF08E80084E1BD /* Timeline.swift */,
				1676C31923CF08E80084E1BD /* Validation.swift */,
			);
			path = Alamofire;
			sourceTree = "<group>";
		};
/* End PBXGroup section */

/* Begin PBXNativeTarget section */
		031BD79823CC9D0B00CB58F2 /* CoolTV */ = {
			isa = PBXNativeTarget;
			buildConfigurationList = 031BD7AB23CC9D0F00CB58F2 /* Build configuration list for PBXNativeTarget "CoolTV" */;
			buildPhases = (
				031BD79523CC9D0B00CB58F2 /* Sources */,
				031BD79623CC9D0B00CB58F2 /* Frameworks */,
				031BD79723CC9D0B00CB58F2 /* Resources */,
			);
			buildRules = (
			);
			dependencies = (
			);
			name = CoolTV;
			productName = CoolTV;
			productReference = 031BD79923CC9D0B00CB58F2 /* 酷TV.app */;
			productType = "com.apple.product-type.application";
		};
/* End PBXNativeTarget section */

/* Begin PBXProject section */
		031BD79123CC9D0B00CB58F2 /* Project object */ = {
			isa = PBXProject;
			attributes = {
				LastSwiftUpdateCheck = 1130;
				LastUpgradeCheck = 1130;
				ORGANIZATIONNAME = SWING;
				TargetAttributes = {
					031BD79823CC9D0B00CB58F2 = {
						CreatedOnToolsVersion = 11.3;
					};
				};
			};
			buildConfigurationList = 031BD79423CC9D0B00CB58F2 /* Build configuration list for PBXProject "CoolTV" */;
			compatibilityVersion = "Xcode 9.3";
			developmentRegion = en;
			hasScannedForEncodings = 0;
			knownRegions = (
				en,
				Base,
			);
			mainGroup = 031BD79023CC9D0B00CB58F2;
			productRefGroup = 031BD79A23CC9D0B00CB58F2 /* Products */;
			projectDirPath = "";
			projectRoot = "";
			targets = (
				031BD79823CC9D0B00CB58F2 /* CoolTV */,
			);
		};
/* End PBXProject section */

/* Begin PBXResourcesBuildPhase section */
		031BD79723CC9D0B00CB58F2 /* Resources */ = {
			isa = PBXResourcesBuildPhase;
			buildActionMask = 2147483647;
			files = (
				031BD7A723CC9D0F00CB58F2 /* LaunchScreen.storyboard in Resources */,
				1676C30A23CF08630084E1BD /* 虎牙影视轮播.txt in Resources */,
				1676C32523CF08E80084E1BD /* LICENSE in Resources */,
				1676C30B23CF08630084E1BD /* 卫视高清频道.txt in Resources */,
				031BD7A423CC9D0F00CB58F2 /* Assets.xcassets in Resources */,
				031BD7A223CC9D0B00CB58F2 /* Main.storyboard in Resources */,
				1676C32B23CF08E80084E1BD /* README.md in Resources */,
				1676C30D23CF08630084E1BD /* 爱奇艺影视轮播.txt in Resources */,
				1676C30C23CF08630084E1BD /* 央视高清频道.txt in Resources */,
			);
			runOnlyForDeploymentPostprocessing = 0;
		};
/* End PBXResourcesBuildPhase section */

/* Begin PBXSourcesBuildPhase section */
		031BD79523CC9D0B00CB58F2 /* Sources */ = {
			isa = PBXSourcesBuildPhase;
			buildActionMask = 2147483647;
			files = (
				1676C32623CF08E80084E1BD /* Timeline.swift in Sources */,
				1676C32423CF08E80084E1BD /* NetworkReachabilityManager.swift in Sources */,
				1676C33123CF08E80084E1BD /* SessionManager.swift in Sources */,
				1676C32323CF08E80084E1BD /* MultipartFormData.swift in Sources */,
				1676C32723CF08E80084E1BD /* DispatchQueue+Alamofire.swift in Sources */,
				1676C32E23CF08E80084E1BD /* Response.swift in Sources */,
				1676C33423CF08E80084E1BD /* SessionDelegate.swift in Sources */,
				1676C32C23CF08E80084E1BD /* Validation.swift in Sources */,
				1676C33323CF08E80084E1BD /* ServerTrustPolicy.swift in Sources */,
				1676C32223CF08E80084E1BD /* TaskDelegate.swift in Sources */,
				1676C33023CF08E80084E1BD /* Request.swift in Sources */,
				1676C32A23CF08E80084E1BD /* AFError.swift in Sources */,
				1676C32923CF08E80084E1BD /* ParameterEncoding.swift in Sources */,
				1676C32D23CF08E80084E1BD /* Notifications.swift in Sources */,
				1676C32F23CF08E80084E1BD /* Alamofire.swift in Sources */,
				031BD79F23CC9D0B00CB58F2 /* ViewController.swift in Sources */,
				1676C32823CF08E80084E1BD /* Result.swift in Sources */,
				163C2C7823CDA394007C94D0 /* SWChannelCell.swift in Sources */,
				1676C33223CF08E80084E1BD /* ResponseSerialization.swift in Sources */,
				164D376823CD86080088BDE4 /* SWAVPlayerViewController.swift in Sources */,
				031BD79D23CC9D0B00CB58F2 /* AppDelegate.swift in Sources */,
			);
			runOnlyForDeploymentPostprocessing = 0;
		};
/* End PBXSourcesBuildPhase section */

/* Begin PBXVariantGroup section */
		031BD7A023CC9D0B00CB58F2 /* Main.storyboard */ = {
			isa = PBXVariantGroup;
			children = (
				031BD7A123CC9D0B00CB58F2 /* Base */,
			);
			name = Main.storyboard;
			sourceTree = "<group>";
		};
		031BD7A523CC9D0F00CB58F2 /* LaunchScreen.storyboard */ = {
			isa = PBXVariantGroup;
			children = (
				031BD7A623CC9D0F00CB58F2 /* Base */,
			);
			name = LaunchScreen.storyboard;
			sourceTree = "<group>";
		};
/* End PBXVariantGroup section */

/* Begin XCBuildConfiguration section */
		031BD7A923CC9D0F00CB58F2 /* Debug */ = {
			isa = XCBuildConfiguration;
			buildSettings = {
				ALWAYS_SEARCH_USER_PATHS = NO;
				CLANG_ANALYZER_NONNULL = YES;
				CLANG_ANALYZER_NUMBER_OBJECT_CONVERSION = YES_AGGRESSIVE;
				CLANG_CXX_LANGUAGE_STANDARD = "gnu++14";
				CLANG_CXX_LIBRARY = "libc++";
				CLANG_ENABLE_MODULES = YES;
				CLANG_ENABLE_OBJC_ARC = YES;
				CLANG_ENABLE_OBJC_WEAK = YES;
				CLANG_WARN_BLOCK_CAPTURE_AUTORELEASING = YES;
				CLANG_WARN_BOOL_CONVERSION = YES;
				CLANG_WARN_COMMA = YES;
				CLANG_WARN_CONSTANT_CONVERSION = YES;
				CLANG_WARN_DEPRECATED_OBJC_IMPLEMENTATIONS = YES;
				CLANG_WARN_DIRECT_OBJC_ISA_USAGE = YES_ERROR;
				CLANG_WARN_DOCUMENTATION_COMMENTS = YES;
				CLANG_WARN_EMPTY_BODY = YES;
				CLANG_WARN_ENUM_CONVERSION = YES;
				CLANG_WARN_INFINITE_RECURSION = YES;
				CLANG_WARN_INT_CONVERSION = YES;
				CLANG_WARN_NON_LITERAL_NULL_CONVERSION = YES;
				CLANG_WARN_OBJC_IMPLICIT_RETAIN_SELF = YES;
				CLANG_WARN_OBJC_LITERAL_CONVERSION = YES;
				CLANG_WARN_OBJC_ROOT_CLASS = YES_ERROR;
				CLANG_WARN_RANGE_LOOP_ANALYSIS = YES;
				CLANG_WARN_STRICT_PROTOTYPES = YES;
				CLANG_WARN_SUSPICIOUS_MOVE = YES;
				CLANG_WARN_UNGUARDED_AVAILABILITY = YES_AGGRESSIVE;
				CLANG_WARN_UNREACHABLE_CODE = YES;
				CLANG_WARN__DUPLICATE_METHOD_MATCH = YES;
				COPY_PHASE_STRIP = NO;
				DEBUG_INFORMATION_FORMAT = dwarf;
				ENABLE_STRICT_OBJC_MSGSEND = YES;
				ENABLE_TESTABILITY = YES;
				GCC_C_LANGUAGE_STANDARD = gnu11;
				GCC_DYNAMIC_NO_PIC = NO;
				GCC_NO_COMMON_BLOCKS = YES;
				GCC_OPTIMIZATION_LEVEL = 0;
				GCC_PREPROCESSOR_DEFINITIONS = (
					"DEBUG=1",
					"$(inherited)",
				);
				GCC_WARN_64_TO_32_BIT_CONVERSION = YES;
				GCC_WARN_ABOUT_RETURN_TYPE = YES_ERROR;
				GCC_WARN_UNDECLARED_SELECTOR = YES;
				GCC_WARN_UNINITIALIZED_AUTOS = YES_AGGRESSIVE;
				GCC_WARN_UNUSED_FUNCTION = YES;
				GCC_WARN_UNUSED_VARIABLE = YES;
				MTL_ENABLE_DEBUG_INFO = INCLUDE_SOURCE;
				MTL_FAST_MATH = YES;
				ONLY_ACTIVE_ARCH = YES;
				SDKROOT = appletvos;
				SWIFT_ACTIVE_COMPILATION_CONDITIONS = DEBUG;
				SWIFT_OPTIMIZATION_LEVEL = "-Onone";
				TVOS_DEPLOYMENT_TARGET = 13.2;
			};
			name = Debug;
		};
		031BD7AA23CC9D0F00CB58F2 /* Release */ = {
			isa = XCBuildConfiguration;
			buildSettings = {
				ALWAYS_SEARCH_USER_PATHS = NO;
				CLANG_ANALYZER_NONNULL = YES;
				CLANG_ANALYZER_NUMBER_OBJECT_CONVERSION = YES_AGGRESSIVE;
				CLANG_CXX_LANGUAGE_STANDARD = "gnu++14";
				CLANG_CXX_LIBRARY = "libc++";
				CLANG_ENABLE_MODULES = YES;
				CLANG_ENABLE_OBJC_ARC = YES;
				CLANG_ENABLE_OBJC_WEAK = YES;
				CLANG_WARN_BLOCK_CAPTURE_AUTORELEASING = YES;
				CLANG_WARN_BOOL_CONVERSION = YES;
				CLANG_WARN_COMMA = YES;
				CLANG_WARN_CONSTANT_CONVERSION = YES;
				CLANG_WARN_DEPRECATED_OBJC_IMPLEMENTATIONS = YES;
				CLANG_WARN_DIRECT_OBJC_ISA_USAGE = YES_ERROR;
				CLANG_WARN_DOCUMENTATION_COMMENTS = YES;
				CLANG_WARN_EMPTY_BODY = YES;
				CLANG_WARN_ENUM_CONVERSION = YES;
				CLANG_WARN_INFINITE_RECURSION = YES;
				CLANG_WARN_INT_CONVERSION = YES;
				CLANG_WARN_NON_LITERAL_NULL_CONVERSION = YES;
				CLANG_WARN_OBJC_IMPLICIT_RETAIN_SELF = YES;
				CLANG_WARN_OBJC_LITERAL_CONVERSION = YES;
				CLANG_WARN_OBJC_ROOT_CLASS = YES_ERROR;
				CLANG_WARN_RANGE_LOOP_ANALYSIS = YES;
				CLANG_WARN_STRICT_PROTOTYPES = YES;
				CLANG_WARN_SUSPICIOUS_MOVE = YES;
				CLANG_WARN_UNGUARDED_AVAILABILITY = YES_AGGRESSIVE;
				CLANG_WARN_UNREACHABLE_CODE = YES;
				CLANG_WARN__DUPLICATE_METHOD_MATCH = YES;
				COPY_PHASE_STRIP = NO;
				DEBUG_INFORMATION_FORMAT = "dwarf-with-dsym";
				ENABLE_NS_ASSERTIONS = NO;
				ENABLE_STRICT_OBJC_MSGSEND = YES;
				GCC_C_LANGUAGE_STANDARD = gnu11;
				GCC_NO_COMMON_BLOCKS = YES;
				GCC_WARN_64_TO_32_BIT_CONVERSION = YES;
				GCC_WARN_ABOUT_RETURN_TYPE = YES_ERROR;
				GCC_WARN_UNDECLARED_SELECTOR = YES;
				GCC_WARN_UNINITIALIZED_AUTOS = YES_AGGRESSIVE;
				GCC_WARN_UNUSED_FUNCTION = YES;
				GCC_WARN_UNUSED_VARIABLE = YES;
				MTL_ENABLE_DEBUG_INFO = NO;
				MTL_FAST_MATH = YES;
				SDKROOT = appletvos;
				SWIFT_COMPILATION_MODE = wholemodule;
				SWIFT_OPTIMIZATION_LEVEL = "-O";
				TVOS_DEPLOYMENT_TARGET = 13.2;
				VALIDATE_PRODUCT = YES;
			};
			name = Release;
		};
		031BD7AC23CC9D0F00CB58F2 /* Debug */ = {
			isa = XCBuildConfiguration;
			buildSettings = {
				ASSETCATALOG_COMPILER_APPICON_NAME = "App Icon & Top Shelf Image";
				CODE_SIGN_IDENTITY = "Apple Development";
				CODE_SIGN_STYLE = Automatic;
				DEVELOPMENT_TEAM = 97Y57XNQV3;
				INFOPLIST_FILE = CoolTV/Info.plist;
				LD_RUNPATH_SEARCH_PATHS = (
					"$(inherited)",
					"@executable_path/Frameworks",
				);
				PRODUCT_BUNDLE_IDENTIFIER = com.swing.CoolTV;
				PRODUCT_NAME = "酷TV";
				PROVISIONING_PROFILE_SPECIFIER = "";
				SWIFT_VERSION = 5.0;
				TARGETED_DEVICE_FAMILY = 3;
				TVOS_DEPLOYMENT_TARGET = 13.0;
			};
			name = Debug;
		};
		031BD7AD23CC9D0F00CB58F2 /* Release */ = {
			isa = XCBuildConfiguration;
			buildSettings = {
				ASSETCATALOG_COMPILER_APPICON_NAME = "App Icon & Top Shelf Image";
				CODE_SIGN_IDENTITY = "Apple Development";
				CODE_SIGN_STYLE = Automatic;
				DEVELOPMENT_TEAM = 97Y57XNQV3;
				INFOPLIST_FILE = CoolTV/Info.plist;
				LD_RUNPATH_SEARCH_PATHS = (
					"$(inherited)",
					"@executable_path/Frameworks",
				);
				PRODUCT_BUNDLE_IDENTIFIER = com.swing.CoolTV;
				PRODUCT_NAME = "酷TV";
				PROVISIONING_PROFILE_SPECIFIER = "";
				SWIFT_VERSION = 5.0;
				TARGETED_DEVICE_FAMILY = 3;
				TVOS_DEPLOYMENT_TARGET = 13.0;
			};
			name = Release;
		};
/* End XCBuildConfiguration section */

/* Begin XCConfigurationList section */
		031BD79423CC9D0B00CB58F2 /* Build configuration list for PBXProject "CoolTV" */ = {
			isa = XCConfigurationList;
			buildConfigurations = (
				031BD7A923CC9D0F00CB58F2 /* Debug */,
				031BD7AA23CC9D0F00CB58F2 /* Release */,
			);
			defaultConfigurationIsVisible = 0;
			defaultConfigurationName = Release;
		};
		031BD7AB23CC9D0F00CB58F2 /* Build configuration list for PBXNativeTarget "CoolTV" */ = {
			isa = XCConfigurationList;
			buildConfigurations = (
				031BD7AC23CC9D0F00CB58F2 /* Debug */,
				031BD7AD23CC9D0F00CB58F2 /* Release */,
			);
			defaultConfigurationIsVisible = 0;
			defaultConfigurationName = Release;
		};
/* End XCConfigurationList section */
	};
	rootObject = 031BD79123CC9D0B00CB58F2 /* Project object */;
}
